
Microsoft Visual Studio Solution File, Format Version 12.00
Project("{2150E333-8FDC-42A3-9474-1A3956D46DE8}") = "src", "src", "{9ED58246-C5E5-4C9A-A25E-0B3E200852D3}"
EndProject
Project("{2150E333-8FDC-42A3-9474-1A3956D46DE8}") = "tests", "tests", "{1716E36C-0915-44B2-9BA5-BF36BC25B3C4}"
EndProject
Project("{FAE04EC0-301F-11D3-BF4B-00C04F79EFBC}") = "NeerCore.Data.EntityFramework", "src\NeerCore.Data.EntityFramework\NeerCore.Data.EntityFramework.csproj", "{E418F129-562C-43F4-BBE3-487ED4270DFA}"
EndProject
Project("{FAE04EC0-301F-11D3-BF4B-00C04F79EFBC}") = "NeerCore.DependencyInjection", "src\NeerCore.DependencyInjection\NeerCore.DependencyInjection.csproj", "{7847052D-C76A-4C92-8D4A-F9E20BDC51CE}"
EndProject
Project("{FAE04EC0-301F-11D3-BF4B-00C04F79EFBC}") = "NeerCore", "src\NeerCore\NeerCore.csproj", "{7C3F14F1-54E7-4CFE-B53B-7DB309F49DE2}"
EndProject
Project("{FAE04EC0-301F-11D3-BF4B-00C04F79EFBC}") = "NeerCore.Api", "src\NeerCore.Api\NeerCore.Api.csproj", "{5987C584-DF21-4890-A011-3D82FB036A66}"
EndProject
Project("{FAE04EC0-301F-11D3-BF4B-00C04F79EFBC}") = "NeerCore.Data.Abstractions", "src\NeerCore.Data.Abstractions\NeerCore.Data.Abstractions.csproj", "{A19AA27B-BE58-44D3-B36C-6C06F6A61491}"
EndProject
Project("{FAE04EC0-301F-11D3-BF4B-00C04F79EFBC}") = "NeerCore.Application.MediatR", "src\NeerCore.Application.MediatR\NeerCore.Application.MediatR.csproj", "{D38BED52-2178-4906-ADF8-E096FD8C7B89}"
EndProject
Project("{FAE04EC0-301F-11D3-BF4B-00C04F79EFBC}") = "NeerCore.Mapping.Mapster", "src\NeerCore.Mapping.Mapster\NeerCore.Mapping.Mapster.csproj", "{26A30DDA-3129-4966-B339-9177B066C35C}"
EndProject
Project("{FAE04EC0-301F-11D3-BF4B-00C04F79EFBC}") = "NeerCore.Tests", "tests\NeerCore.Tests\NeerCore.Tests.csproj", "{92A339E6-63FB-4BE0-9CF5-AB7438A4518E}"
EndProject
Project("{FAE04EC0-301F-11D3-BF4B-00C04F79EFBC}") = "NeerCore.DependencyInjection.Tests", "tests\NeerCore.DependencyInjection.Tests\NeerCore.DependencyInjection.Tests.csproj", "{0C4C9707-8BB4-40BE-B30D-FDE6B8B1409E}"
EndProject
Project("{FAE04EC0-301F-11D3-BF4B-00C04F79EFBC}") = "NeerCoreTestingSuite.ConsoleApp", "tests\NeerCoreTestingSuite.ConsoleApp\NeerCoreTestingSuite.ConsoleApp.csproj", "{BEF5B730-57CC-45C2-AB14-4B01175AAB79}"
EndProject
Project("{FAE04EC0-301F-11D3-BF4B-00C04F79EFBC}") = "NeerCoreTestingSuite.WebApp", "tests\NeerCoreTestingSuite.WebApp\NeerCoreTestingSuite.WebApp.csproj", "{63C86E4D-A913-4414-B11D-E3FADEE0E552}"
EndProject
Project("{FAE04EC0-301F-11D3-BF4B-00C04F79EFBC}") = "NeerCore.Data", "src\NeerCore.Data\NeerCore.Data.csproj", "{1BD63ABC-6682-4D90-94CB-720CE1B4EF17}"
EndProject
Project("{FAE04EC0-301F-11D3-BF4B-00C04F79EFBC}") = "NeerCore.Logging.NLog", "src\NeerCore.Logging.NLog\NeerCore.Logging.NLog.csproj", "{6738546F-A5D3-4DD3-ADAC-382756DB42A3}"
EndProject
Project("{FAE04EC0-301F-11D3-BF4B-00C04F79EFBC}") = "AsmTest.Root", "tests\AsmTest.Root\AsmTest.Root.csproj", "{EE6F2F70-4D34-4EE3-BCA7-F80503910C33}"
EndProject
Project("{FAE04EC0-301F-11D3-BF4B-00C04F79EFBC}") = "AsmTest.Root.FirstLvl", "tests\AsmTest.Root.FirstLvl\AsmTest.Root.FirstLvl.csproj", "{A3BB2DFB-B268-4D40-8CEE-23120224B069}"
EndProject
Project("{FAE04EC0-301F-11D3-BF4B-00C04F79EFBC}") = "AsmTest.Root.SecondLvl", "tests\AsmTest.Root.SecondLvl\AsmTest.Root.SecondLvl.csproj", "{1B381DC0-E5B7-4DD7-B882-3D2A9FE0AF36}"
EndProject
Project("{FAE04EC0-301F-11D3-BF4B-00C04F79EFBC}") = "NeerCore.DependencyInjection.TestsSideAssembly", "tests\NeerCore.DependencyInjection.TestsSideAssembly\NeerCore.DependencyInjection.TestsSideAssembly.csproj", "{741FBD41-B023-4CB4-B1AE-EAC8AC5578B2}"
EndProject
Project("{FAE04EC0-301F-11D3-BF4B-00C04F79EFBC}") = "NeerCore1.DependencyInjection.TestsSideAssembly", "tests\NeerCore1.DependencyInjection.TestsSideAssembly\NeerCore1.DependencyInjection.TestsSideAssembly.csproj", "{6E8B5943-75B8-40B8-920A-F042269A90DD}"
EndProject
Project("{FAE04EC0-301F-11D3-BF4B-00C04F79EFBC}") = "NeerCore.Data.EntityFramework.Typeids", "src\NeerCore.Data.EntityFramework.Typeids\NeerCore.Data.EntityFramework.Typeids.csproj", "{AA0761BF-AAAD-45A6-8CCC-944A01A3B6E1}"
EndProject
Project("{FAE04EC0-301F-11D3-BF4B-00C04F79EFBC}") = "NeerCore.Api.Typeids", "src\NeerCore.Api.Typeids\NeerCore.Api.Typeids.csproj", "{27C027D7-57A5-4F1D-9117-12939D9F3401}"
EndProject
Project("{FAE04EC0-301F-11D3-BF4B-00C04F79EFBC}") = "NeerCore.Api.Typeids.Hashids", "src\NeerCore.Api.Typeids.Hashids\NeerCore.Api.Typeids.Hashids.csproj", "{39B51192-13D3-4582-9A09-CC4190F72E13}"
EndProject
Global
	GlobalSection(SolutionConfigurationPlatforms) = preSolution
		Debug|Any CPU = Debug|Any CPU
		Release|Any CPU = Release|Any CPU
	EndGlobalSection
	GlobalSection(NestedProjects) = preSolution
		{E418F129-562C-43F4-BBE3-487ED4270DFA} = {9ED58246-C5E5-4C9A-A25E-0B3E200852D3}
		{7847052D-C76A-4C92-8D4A-F9E20BDC51CE} = {9ED58246-C5E5-4C9A-A25E-0B3E200852D3}
		{7C3F14F1-54E7-4CFE-B53B-7DB309F49DE2} = {9ED58246-C5E5-4C9A-A25E-0B3E200852D3}
		{A19AA27B-BE58-44D3-B36C-6C06F6A61491} = {9ED58246-C5E5-4C9A-A25E-0B3E200852D3}
		{D38BED52-2178-4906-ADF8-E096FD8C7B89} = {9ED58246-C5E5-4C9A-A25E-0B3E200852D3}
		{5987C584-DF21-4890-A011-3D82FB036A66} = {9ED58246-C5E5-4C9A-A25E-0B3E200852D3}
		{26A30DDA-3129-4966-B339-9177B066C35C} = {9ED58246-C5E5-4C9A-A25E-0B3E200852D3}
		{92A339E6-63FB-4BE0-9CF5-AB7438A4518E} = {1716E36C-0915-44B2-9BA5-BF36BC25B3C4}
		{0C4C9707-8BB4-40BE-B30D-FDE6B8B1409E} = {1716E36C-0915-44B2-9BA5-BF36BC25B3C4}
		{BEF5B730-57CC-45C2-AB14-4B01175AAB79} = {1716E36C-0915-44B2-9BA5-BF36BC25B3C4}
		{63C86E4D-A913-4414-B11D-E3FADEE0E552} = {1716E36C-0915-44B2-9BA5-BF36BC25B3C4}
		{1BD63ABC-6682-4D90-94CB-720CE1B4EF17} = {9ED58246-C5E5-4C9A-A25E-0B3E200852D3}
		{6738546F-A5D3-4DD3-ADAC-382756DB42A3} = {9ED58246-C5E5-4C9A-A25E-0B3E200852D3}
		{EE6F2F70-4D34-4EE3-BCA7-F80503910C33} = {1716E36C-0915-44B2-9BA5-BF36BC25B3C4}
		{A3BB2DFB-B268-4D40-8CEE-23120224B069} = {1716E36C-0915-44B2-9BA5-BF36BC25B3C4}
		{1B381DC0-E5B7-4DD7-B882-3D2A9FE0AF36} = {1716E36C-0915-44B2-9BA5-BF36BC25B3C4}
		{741FBD41-B023-4CB4-B1AE-EAC8AC5578B2} = {1716E36C-0915-44B2-9BA5-BF36BC25B3C4}
		{6E8B5943-75B8-40B8-920A-F042269A90DD} = {1716E36C-0915-44B2-9BA5-BF36BC25B3C4}
		{AA0761BF-AAAD-45A6-8CCC-944A01A3B6E1} = {9ED58246-C5E5-4C9A-A25E-0B3E200852D3}
		{27C027D7-57A5-4F1D-9117-12939D9F3401} = {9ED58246-C5E5-4C9A-A25E-0B3E200852D3}
		{39B51192-13D3-4582-9A09-CC4190F72E13} = {9ED58246-C5E5-4C9A-A25E-0B3E200852D3}
	EndGlobalSection
	GlobalSection(ProjectConfigurationPlatforms) = postSolution
		{E418F129-562C-43F4-BBE3-487ED4270DFA}.Debug|Any CPU.ActiveCfg = Debug|Any CPU
		{E418F129-562C-43F4-BBE3-487ED4270DFA}.Debug|Any CPU.Build.0 = Debug|Any CPU
		{E418F129-562C-43F4-BBE3-487ED4270DFA}.Release|Any CPU.ActiveCfg = Release|Any CPU
		{E418F129-562C-43F4-BBE3-487ED4270DFA}.Release|Any CPU.Build.0 = Release|Any CPU
		{7847052D-C76A-4C92-8D4A-F9E20BDC51CE}.Debug|Any CPU.ActiveCfg = Debug|Any CPU
		{7847052D-C76A-4C92-8D4A-F9E20BDC51CE}.Debug|Any CPU.Build.0 = Debug|Any CPU
		{7847052D-C76A-4C92-8D4A-F9E20BDC51CE}.Release|Any CPU.ActiveCfg = Release|Any CPU
		{7847052D-C76A-4C92-8D4A-F9E20BDC51CE}.Release|Any CPU.Build.0 = Release|Any CPU
		{7C3F14F1-54E7-4CFE-B53B-7DB309F49DE2}.Debug|Any CPU.ActiveCfg = Debug|Any CPU
		{7C3F14F1-54E7-4CFE-B53B-7DB309F49DE2}.Debug|Any CPU.Build.0 = Debug|Any CPU
		{7C3F14F1-54E7-4CFE-B53B-7DB309F49DE2}.Release|Any CPU.ActiveCfg = Release|Any CPU
		{7C3F14F1-54E7-4CFE-B53B-7DB309F49DE2}.Release|Any CPU.Build.0 = Release|Any CPU
		{A19AA27B-BE58-44D3-B36C-6C06F6A61491}.Debug|Any CPU.ActiveCfg = Debug|Any CPU
		{A19AA27B-BE58-44D3-B36C-6C06F6A61491}.Debug|Any CPU.Build.0 = Debug|Any CPU
		{A19AA27B-BE58-44D3-B36C-6C06F6A61491}.Release|Any CPU.ActiveCfg = Release|Any CPU
		{A19AA27B-BE58-44D3-B36C-6C06F6A61491}.Release|Any CPU.Build.0 = Release|Any CPU
		{D38BED52-2178-4906-ADF8-E096FD8C7B89}.Debug|Any CPU.ActiveCfg = Debug|Any CPU
		{D38BED52-2178-4906-ADF8-E096FD8C7B89}.Debug|Any CPU.Build.0 = Debug|Any CPU
		{D38BED52-2178-4906-ADF8-E096FD8C7B89}.Release|Any CPU.ActiveCfg = Release|Any CPU
		{D38BED52-2178-4906-ADF8-E096FD8C7B89}.Release|Any CPU.Build.0 = Release|Any CPU
		{5987C584-DF21-4890-A011-3D82FB036A66}.Debug|Any CPU.ActiveCfg = Debug|Any CPU
		{5987C584-DF21-4890-A011-3D82FB036A66}.Debug|Any CPU.Build.0 = Debug|Any CPU
		{5987C584-DF21-4890-A011-3D82FB036A66}.Release|Any CPU.ActiveCfg = Release|Any CPU
		{5987C584-DF21-4890-A011-3D82FB036A66}.Release|Any CPU.Build.0 = Release|Any CPU
		{44B22A46-B95C-4D19-A0F9-E67D228A987D}.Debug|Any CPU.ActiveCfg = Debug|Any CPU
		{44B22A46-B95C-4D19-A0F9-E67D228A987D}.Debug|Any CPU.Build.0 = Debug|Any CPU
		{44B22A46-B95C-4D19-A0F9-E67D228A987D}.Release|Any CPU.ActiveCfg = Release|Any CPU
		{44B22A46-B95C-4D19-A0F9-E67D228A987D}.Release|Any CPU.Build.0 = Release|Any CPU
		{22BA3842-6828-4B95-A4B0-E003F685DEDA}.Debug|Any CPU.ActiveCfg = Debug|Any CPU
		{22BA3842-6828-4B95-A4B0-E003F685DEDA}.Debug|Any CPU.Build.0 = Debug|Any CPU
		{22BA3842-6828-4B95-A4B0-E003F685DEDA}.Release|Any CPU.ActiveCfg = Release|Any CPU
		{22BA3842-6828-4B95-A4B0-E003F685DEDA}.Release|Any CPU.Build.0 = Release|Any CPU
		{B0D295FC-761D-431F-B91E-8B77B6AD4778}.Debug|Any CPU.ActiveCfg = Debug|Any CPU
		{B0D295FC-761D-431F-B91E-8B77B6AD4778}.Debug|Any CPU.Build.0 = Debug|Any CPU
		{B0D295FC-761D-431F-B91E-8B77B6AD4778}.Release|Any CPU.ActiveCfg = Release|Any CPU
		{B0D295FC-761D-431F-B91E-8B77B6AD4778}.Release|Any CPU.Build.0 = Release|Any CPU
		{73B69D26-91A5-4FCD-9A4B-10184EF8EDF7}.Debug|Any CPU.ActiveCfg = Debug|Any CPU
		{73B69D26-91A5-4FCD-9A4B-10184EF8EDF7}.Debug|Any CPU.Build.0 = Debug|Any CPU
		{73B69D26-91A5-4FCD-9A4B-10184EF8EDF7}.Release|Any CPU.ActiveCfg = Release|Any CPU
		{73B69D26-91A5-4FCD-9A4B-10184EF8EDF7}.Release|Any CPU.Build.0 = Release|Any CPU
		{26A30DDA-3129-4966-B339-9177B066C35C}.Debug|Any CPU.ActiveCfg = Debug|Any CPU
		{26A30DDA-3129-4966-B339-9177B066C35C}.Debug|Any CPU.Build.0 = Debug|Any CPU
		{26A30DDA-3129-4966-B339-9177B066C35C}.Release|Any CPU.ActiveCfg = Release|Any CPU
		{26A30DDA-3129-4966-B339-9177B066C35C}.Release|Any CPU.Build.0 = Release|Any CPU
		{92A339E6-63FB-4BE0-9CF5-AB7438A4518E}.Debug|Any CPU.ActiveCfg = Debug|Any CPU
		{92A339E6-63FB-4BE0-9CF5-AB7438A4518E}.Debug|Any CPU.Build.0 = Debug|Any CPU
		{92A339E6-63FB-4BE0-9CF5-AB7438A4518E}.Release|Any CPU.ActiveCfg = Release|Any CPU
		{92A339E6-63FB-4BE0-9CF5-AB7438A4518E}.Release|Any CPU.Build.0 = Release|Any CPU
		{0C4C9707-8BB4-40BE-B30D-FDE6B8B1409E}.Debug|Any CPU.ActiveCfg = Debug|Any CPU
		{0C4C9707-8BB4-40BE-B30D-FDE6B8B1409E}.Debug|Any CPU.Build.0 = Debug|Any CPU
		{0C4C9707-8BB4-40BE-B30D-FDE6B8B1409E}.Release|Any CPU.ActiveCfg = Release|Any CPU
		{0C4C9707-8BB4-40BE-B30D-FDE6B8B1409E}.Release|Any CPU.Build.0 = Release|Any CPU
		{BEF5B730-57CC-45C2-AB14-4B01175AAB79}.Debug|Any CPU.ActiveCfg = Debug|Any CPU
		{BEF5B730-57CC-45C2-AB14-4B01175AAB79}.Debug|Any CPU.Build.0 = Debug|Any CPU
		{BEF5B730-57CC-45C2-AB14-4B01175AAB79}.Release|Any CPU.ActiveCfg = Release|Any CPU
		{BEF5B730-57CC-45C2-AB14-4B01175AAB79}.Release|Any CPU.Build.0 = Release|Any CPU
		{63C86E4D-A913-4414-B11D-E3FADEE0E552}.Debug|Any CPU.ActiveCfg = Debug|Any CPU
		{63C86E4D-A913-4414-B11D-E3FADEE0E552}.Debug|Any CPU.Build.0 = Debug|Any CPU
		{63C86E4D-A913-4414-B11D-E3FADEE0E552}.Release|Any CPU.ActiveCfg = Release|Any CPU
		{63C86E4D-A913-4414-B11D-E3FADEE0E552}.Release|Any CPU.Build.0 = Release|Any CPU
		{1BD63ABC-6682-4D90-94CB-720CE1B4EF17}.Debug|Any CPU.ActiveCfg = Debug|Any CPU
		{1BD63ABC-6682-4D90-94CB-720CE1B4EF17}.Debug|Any CPU.Build.0 = Debug|Any CPU
		{1BD63ABC-6682-4D90-94CB-720CE1B4EF17}.Release|Any CPU.ActiveCfg = Release|Any CPU
		{1BD63ABC-6682-4D90-94CB-720CE1B4EF17}.Release|Any CPU.Build.0 = Release|Any CPU
		{6738546F-A5D3-4DD3-ADAC-382756DB42A3}.Debug|Any CPU.ActiveCfg = Debug|Any CPU
		{6738546F-A5D3-4DD3-ADAC-382756DB42A3}.Debug|Any CPU.Build.0 = Debug|Any CPU
		{6738546F-A5D3-4DD3-ADAC-382756DB42A3}.Release|Any CPU.ActiveCfg = Release|Any CPU
		{6738546F-A5D3-4DD3-ADAC-382756DB42A3}.Release|Any CPU.Build.0 = Release|Any CPU
		{EE6F2F70-4D34-4EE3-BCA7-F80503910C33}.Debug|Any CPU.ActiveCfg = Debug|Any CPU
		{EE6F2F70-4D34-4EE3-BCA7-F80503910C33}.Debug|Any CPU.Build.0 = Debug|Any CPU
		{EE6F2F70-4D34-4EE3-BCA7-F80503910C33}.Release|Any CPU.ActiveCfg = Release|Any CPU
		{EE6F2F70-4D34-4EE3-BCA7-F80503910C33}.Release|Any CPU.Build.0 = Release|Any CPU
		{A3BB2DFB-B268-4D40-8CEE-23120224B069}.Debug|Any CPU.ActiveCfg = Debug|Any CPU
		{A3BB2DFB-B268-4D40-8CEE-23120224B069}.Debug|Any CPU.Build.0 = Debug|Any CPU
		{A3BB2DFB-B268-4D40-8CEE-23120224B069}.Release|Any CPU.ActiveCfg = Release|Any CPU
		{A3BB2DFB-B268-4D40-8CEE-23120224B069}.Release|Any CPU.Build.0 = Release|Any CPU
		{1B381DC0-E5B7-4DD7-B882-3D2A9FE0AF36}.Debug|Any CPU.ActiveCfg = Debug|Any CPU
		{1B381DC0-E5B7-4DD7-B882-3D2A9FE0AF36}.Debug|Any CPU.Build.0 = Debug|Any CPU
		{1B381DC0-E5B7-4DD7-B882-3D2A9FE0AF36}.Release|Any CPU.ActiveCfg = Release|Any CPU
		{1B381DC0-E5B7-4DD7-B882-3D2A9FE0AF36}.Release|Any CPU.Build.0 = Release|Any CPU
		{741FBD41-B023-4CB4-B1AE-EAC8AC5578B2}.Debug|Any CPU.ActiveCfg = Debug|Any CPU
		{741FBD41-B023-4CB4-B1AE-EAC8AC5578B2}.Debug|Any CPU.Build.0 = Debug|Any CPU
		{741FBD41-B023-4CB4-B1AE-EAC8AC5578B2}.Release|Any CPU.ActiveCfg = Release|Any CPU
		{741FBD41-B023-4CB4-B1AE-EAC8AC5578B2}.Release|Any CPU.Build.0 = Release|Any CPU
		{6E8B5943-75B8-40B8-920A-F042269A90DD}.Debug|Any CPU.ActiveCfg = Debug|Any CPU
		{6E8B5943-75B8-40B8-920A-F042269A90DD}.Debug|Any CPU.Build.0 = Debug|Any CPU
		{6E8B5943-75B8-40B8-920A-F042269A90DD}.Release|Any CPU.ActiveCfg = Release|Any CPU
		{6E8B5943-75B8-40B8-920A-F042269A90DD}.Release|Any CPU.Build.0 = Release|Any CPU
		{AA0761BF-AAAD-45A6-8CCC-944A01A3B6E1}.Debug|Any CPU.ActiveCfg = Debug|Any CPU
		{AA0761BF-AAAD-45A6-8CCC-944A01A3B6E1}.Debug|Any CPU.Build.0 = Debug|Any CPU
		{AA0761BF-AAAD-45A6-8CCC-944A01A3B6E1}.Release|Any CPU.ActiveCfg = Release|Any CPU
		{AA0761BF-AAAD-45A6-8CCC-944A01A3B6E1}.Release|Any CPU.Build.0 = Release|Any CPU
		{27C027D7-57A5-4F1D-9117-12939D9F3401}.Debug|Any CPU.ActiveCfg = Debug|Any CPU
		{27C027D7-57A5-4F1D-9117-12939D9F3401}.Debug|Any CPU.Build.0 = Debug|Any CPU
		{27C027D7-57A5-4F1D-9117-12939D9F3401}.Release|Any CPU.ActiveCfg = Release|Any CPU
		{27C027D7-57A5-4F1D-9117-12939D9F3401}.Release|Any CPU.Build.0 = Release|Any CPU
		{39B51192-13D3-4582-9A09-CC4190F72E13}.Debug|Any CPU.ActiveCfg = Debug|Any CPU
		{39B51192-13D3-4582-9A09-CC4190F72E13}.Debug|Any CPU.Build.0 = Debug|Any CPU
		{39B51192-13D3-4582-9A09-CC4190F72E13}.Release|Any CPU.ActiveCfg = Release|Any CPU
		{39B51192-13D3-4582-9A09-CC4190F72E13}.Release|Any CPU.Build.0 = Release|Any CPU
	EndGlobalSection
EndGlobal
